
Microsoft Visual Studio Solution File, Format Version 12.00
# Visual Studio Version 17
VisualStudioVersion = 17.14.37111.16
MinimumVisualStudioVersion = 10.0.40219.1
Project("{FAE04EC0-301F-11D3-BF4B-00C04F79EFBC}") = "InterviewProject", "面試\InterviewProject.csproj", "{BDB0FBD0-DC15-431E-9C05-A3EDFCA4E366}"
EndProject
Global
	GlobalSection(SolutionConfigurationPlatforms) = preSolution
		Debug|Any CPU = Debug|Any CPU
		Release|Any CPU = Release|Any CPU
	EndGlobalSection
	GlobalSection(ProjectConfigurationPlatforms) = postSolution
		{BDB0FBD0-DC15-431E-9C05-A3EDFCA4E366}.Debug|Any CPU.ActiveCfg = Debug|Any CPU
		{BDB0FBD0-DC15-431E-9C05-A3EDFCA4E366}.Debug|Any CPU.Build.0 = Debug|Any CPU
		{BDB0FBD0-DC15-431E-9C05-A3EDFCA4E366}.Release|Any CPU.ActiveCfg = Release|Any CPU
		{BDB0FBD0-DC15-431E-9C05-A3EDFCA4E366}.Release|Any CPU.Build.0 = Release|Any CPU
	EndGlobalSection
	GlobalSection(SolutionProperties) = preSolution
		HideSolutionNode = FALSE
	EndGlobalSection
	GlobalSection(ExtensibilityGlobals) = postSolution
		SolutionGuid = {0EE71FCA-F497-48EB-9B0A-DE2BA5A5382C}
	EndGlobalSection
EndGlobal
